
Microsoft Visual Studio Solution File, Format Version 12.00
# Visual Studio Version 17
VisualStudioVersion = 17.13.35806.99 d17.13
MinimumVisualStudioVersion = 10.0.40219.1
Project("{FAE04EC0-301F-11D3-BF4B-00C04F79EFBC}") = "CapaNegocio", "CapaNegocio\CapaNegocio.csproj", "{7F4A290D-3A3B-415B-BB2F-62DEA5836088}"
EndProject
Project("{FAE04EC0-301F-11D3-BF4B-00C04F79EFBC}") = "CapaAdaptador", "CapaAdaptador\CapaAdaptador.csproj", "{078BEF53-7C9F-43AB-8251-B24320400C08}"
EndProject
Project("{FAE04EC0-301F-11D3-BF4B-00C04F79EFBC}") = "CapaPresentacion", "CapaPresentacion\CapaPresentacion.csproj", "{77FD9262-4B0F-4A5E-8023-DD85177B30D0}"
EndProject
Global
	GlobalSection(SolutionConfigurationPlatforms) = preSolution
		Debug|Any CPU = Debug|Any CPU
		Release|Any CPU = Release|Any CPU
	EndGlobalSection
	GlobalSection(ProjectConfigurationPlatforms) = postSolution
		{7F4A290D-3A3B-415B-BB2F-62DEA5836088}.Debug|Any CPU.ActiveCfg = Debug|Any CPU
		{7F4A290D-3A3B-415B-BB2F-62DEA5836088}.Debug|Any CPU.Build.0 = Debug|Any CPU
		{7F4A290D-3A3B-415B-BB2F-62DEA5836088}.Release|Any CPU.ActiveCfg = Release|Any CPU
		{7F4A290D-3A3B-415B-BB2F-62DEA5836088}.Release|Any CPU.Build.0 = Release|Any CPU
		{078BEF53-7C9F-43AB-8251-B24320400C08}.Debug|Any CPU.ActiveCfg = Debug|Any CPU
		{078BEF53-7C9F-43AB-8251-B24320400C08}.Debug|Any CPU.Build.0 = Debug|Any CPU
		{078BEF53-7C9F-43AB-8251-B24320400C08}.Release|Any CPU.ActiveCfg = Release|Any CPU
		{078BEF53-7C9F-43AB-8251-B24320400C08}.Release|Any CPU.Build.0 = Release|Any CPU
		{77FD9262-4B0F-4A5E-8023-DD85177B30D0}.Debug|Any CPU.ActiveCfg = Debug|Any CPU
		{77FD9262-4B0F-4A5E-8023-DD85177B30D0}.Debug|Any CPU.Build.0 = Debug|Any CPU
		{77FD9262-4B0F-4A5E-8023-DD85177B30D0}.Release|Any CPU.ActiveCfg = Release|Any CPU
		{77FD9262-4B0F-4A5E-8023-DD85177B30D0}.Release|Any CPU.Build.0 = Release|Any CPU
	EndGlobalSection
	GlobalSection(SolutionProperties) = preSolution
		HideSolutionNode = FALSE
	EndGlobalSection
	GlobalSection(ExtensibilityGlobals) = postSolution
		SolutionGuid = {92689479-C6AA-4563-9898-997FFEA861AE}
	EndGlobalSection
EndGlobal
